
Microsoft Visual Studio Solution File, Format Version 12.00
# Visual Studio Version 16
VisualStudioVersion = 16.0.30907.101
MinimumVisualStudioVersion = 10.0.40219.1
Project("{9A19103F-16F7-4668-BE54-9A1E7A4F7556}") = "RPS.Core", "RPS.Core\RPS.Core.csproj", "{DA60DC84-B4EF-4A2B-A5B9-8BF878166BD3}"
EndProject
Project("{9A19103F-16F7-4668-BE54-9A1E7A4F7556}") = "RPS.Data", "RPS.Data\RPS.Data.csproj", "{605A09E9-5FA8-4B74-B112-0EACE4622AF7}"
EndProject
Project("{FAE04EC0-301F-11D3-BF4B-00C04F79EFBC}") = "RPS.Web", "RPS.Web\RPS.Web.csproj", "{63350BF0-7882-4B6E-846E-4AB3D9F4264D}"
EndProject
Global
	GlobalSection(SolutionConfigurationPlatforms) = preSolution
		Debug|Any CPU = Debug|Any CPU
		Release|Any CPU = Release|Any CPU
	EndGlobalSection
	GlobalSection(ProjectConfigurationPlatforms) = postSolution
		{DA60DC84-B4EF-4A2B-A5B9-8BF878166BD3}.Debug|Any CPU.ActiveCfg = Debug|Any CPU
		{DA60DC84-B4EF-4A2B-A5B9-8BF878166BD3}.Debug|Any CPU.Build.0 = Debug|Any CPU
		{DA60DC84-B4EF-4A2B-A5B9-8BF878166BD3}.Release|Any CPU.ActiveCfg = Release|Any CPU
		{DA60DC84-B4EF-4A2B-A5B9-8BF878166BD3}.Release|Any CPU.Build.0 = Release|Any CPU
		{605A09E9-5FA8-4B74-B112-0EACE4622AF7}.Debug|Any CPU.ActiveCfg = Debug|Any CPU
		{605A09E9-5FA8-4B74-B112-0EACE4622AF7}.Debug|Any CPU.Build.0 = Debug|Any CPU
		{605A09E9-5FA8-4B74-B112-0EACE4622AF7}.Release|Any CPU.ActiveCfg = Release|Any CPU
		{605A09E9-5FA8-4B74-B112-0EACE4622AF7}.Release|Any CPU.Build.0 = Release|Any CPU
		{63350BF0-7882-4B6E-846E-4AB3D9F4264D}.Debug|Any CPU.ActiveCfg = Debug|Any CPU
		{63350BF0-7882-4B6E-846E-4AB3D9F4264D}.Debug|Any CPU.Build.0 = Debug|Any CPU
		{63350BF0-7882-4B6E-846E-4AB3D9F4264D}.Release|Any CPU.ActiveCfg = Release|Any CPU
		{63350BF0-7882-4B6E-846E-4AB3D9F4264D}.Release|Any CPU.Build.0 = Release|Any CPU
	EndGlobalSection
	GlobalSection(SolutionProperties) = preSolution
		HideSolutionNode = FALSE
	EndGlobalSection
	GlobalSection(ExtensibilityGlobals) = postSolution
		SolutionGuid = {2FBFC025-7D25-4486-8DA9-856AB6F1763E}
	EndGlobalSection
EndGlobal
